
Microsoft Visual Studio Solution File, Format Version 12.00
# Visual Studio 14
VisualStudioVersion = 14.0.25420.1
MinimumVisualStudioVersion = 10.0.40219.1
Project("{FAE04EC0-301F-11D3-BF4B-00C04F79EFBC}") = "SqlAgentCron.TestConsole", "SqlAgentCron.TestConsole\SqlAgentCron.TestConsole.csproj", "{E9EB9A44-88BA-490A-8190-0D6C426711D4}"
EndProject
Project("{FAE04EC0-301F-11D3-BF4B-00C04F79EFBC}") = "SqlAgentCron", "SqlAgentCron\SqlAgentCron.csproj", "{CAFA2DEE-7205-409C-90C0-72EC1A457CCA}"
EndProject
Project("{FAE04EC0-301F-11D3-BF4B-00C04F79EFBC}") = "SqlAgentCron.Implementation", "SqlAgentCron.Implementation\SqlAgentCron.Implementation.csproj", "{381891CD-64A6-4358-BBED-AD61C8BD8EE7}"
EndProject
Project("{FAE04EC0-301F-11D3-BF4B-00C04F79EFBC}") = "SqlAgentCron.Implementation.Tests", "SqlAgentCron.Implementation.Tests\SqlAgentCron.Implementation.Tests.csproj", "{E65F2DF6-DD22-4A7F-B4FC-E4882B247801}"
EndProject
Global
	GlobalSection(SolutionConfigurationPlatforms) = preSolution
		Debug|Any CPU = Debug|Any CPU
		Debug|ARM = Debug|ARM
		Debug|x64 = Debug|x64
		Debug|x86 = Debug|x86
		Release|Any CPU = Release|Any CPU
		Release|ARM = Release|ARM
		Release|x64 = Release|x64
		Release|x86 = Release|x86
	EndGlobalSection
	GlobalSection(ProjectConfigurationPlatforms) = postSolution
		{E9EB9A44-88BA-490A-8190-0D6C426711D4}.Debug|Any CPU.ActiveCfg = Debug|Any CPU
		{E9EB9A44-88BA-490A-8190-0D6C426711D4}.Debug|Any CPU.Build.0 = Debug|Any CPU
		{E9EB9A44-88BA-490A-8190-0D6C426711D4}.Debug|ARM.ActiveCfg = Debug|Any CPU
		{E9EB9A44-88BA-490A-8190-0D6C426711D4}.Debug|ARM.Build.0 = Debug|Any CPU
		{E9EB9A44-88BA-490A-8190-0D6C426711D4}.Debug|x64.ActiveCfg = Debug|Any CPU
		{E9EB9A44-88BA-490A-8190-0D6C426711D4}.Debug|x64.Build.0 = Debug|Any CPU
		{E9EB9A44-88BA-490A-8190-0D6C426711D4}.Debug|x86.ActiveCfg = Debug|Any CPU
		{E9EB9A44-88BA-490A-8190-0D6C426711D4}.Debug|x86.Build.0 = Debug|Any CPU
		{E9EB9A44-88BA-490A-8190-0D6C426711D4}.Release|Any CPU.ActiveCfg = Release|Any CPU
		{E9EB9A44-88BA-490A-8190-0D6C426711D4}.Release|Any CPU.Build.0 = Release|Any CPU
		{E9EB9A44-88BA-490A-8190-0D6C426711D4}.Release|ARM.ActiveCfg = Release|Any CPU
		{E9EB9A44-88BA-490A-8190-0D6C426711D4}.Release|ARM.Build.0 = Release|Any CPU
		{E9EB9A44-88BA-490A-8190-0D6C426711D4}.Release|x64.ActiveCfg = Release|Any CPU
		{E9EB9A44-88BA-490A-8190-0D6C426711D4}.Release|x64.Build.0 = Release|Any CPU
		{E9EB9A44-88BA-490A-8190-0D6C426711D4}.Release|x86.ActiveCfg = Release|Any CPU
		{E9EB9A44-88BA-490A-8190-0D6C426711D4}.Release|x86.Build.0 = Release|Any CPU
		{CAFA2DEE-7205-409C-90C0-72EC1A457CCA}.Debug|Any CPU.ActiveCfg = Debug|Any CPU
		{CAFA2DEE-7205-409C-90C0-72EC1A457CCA}.Debug|Any CPU.Build.0 = Debug|Any CPU
		{CAFA2DEE-7205-409C-90C0-72EC1A457CCA}.Debug|ARM.ActiveCfg = Debug|Any CPU
		{CAFA2DEE-7205-409C-90C0-72EC1A457CCA}.Debug|ARM.Build.0 = Debug|Any CPU
		{CAFA2DEE-7205-409C-90C0-72EC1A457CCA}.Debug|x64.ActiveCfg = Debug|Any CPU
		{CAFA2DEE-7205-409C-90C0-72EC1A457CCA}.Debug|x64.Build.0 = Debug|Any CPU
		{CAFA2DEE-7205-409C-90C0-72EC1A457CCA}.Debug|x86.ActiveCfg = Debug|Any CPU
		{CAFA2DEE-7205-409C-90C0-72EC1A457CCA}.Debug|x86.Build.0 = Debug|Any CPU
		{CAFA2DEE-7205-409C-90C0-72EC1A457CCA}.Release|Any CPU.ActiveCfg = Release|Any CPU
		{CAFA2DEE-7205-409C-90C0-72EC1A457CCA}.Release|Any CPU.Build.0 = Release|Any CPU
		{CAFA2DEE-7205-409C-90C0-72EC1A457CCA}.Release|ARM.ActiveCfg = Release|Any CPU
		{CAFA2DEE-7205-409C-90C0-72EC1A457CCA}.Release|ARM.Build.0 = Release|Any CPU
		{CAFA2DEE-7205-409C-90C0-72EC1A457CCA}.Release|x64.ActiveCfg = Release|Any CPU
		{CAFA2DEE-7205-409C-90C0-72EC1A457CCA}.Release|x64.Build.0 = Release|Any CPU
		{CAFA2DEE-7205-409C-90C0-72EC1A457CCA}.Release|x86.ActiveCfg = Release|Any CPU
		{CAFA2DEE-7205-409C-90C0-72EC1A457CCA}.Release|x86.Build.0 = Release|Any CPU
		{381891CD-64A6-4358-BBED-AD61C8BD8EE7}.Debug|Any CPU.ActiveCfg = Debug|Any CPU
		{381891CD-64A6-4358-BBED-AD61C8BD8EE7}.Debug|Any CPU.Build.0 = Debug|Any CPU
		{381891CD-64A6-4358-BBED-AD61C8BD8EE7}.Debug|ARM.ActiveCfg = Debug|Any CPU
		{381891CD-64A6-4358-BBED-AD61C8BD8EE7}.Debug|ARM.Build.0 = Debug|Any CPU
		{381891CD-64A6-4358-BBED-AD61C8BD8EE7}.Debug|x64.ActiveCfg = Debug|Any CPU
		{381891CD-64A6-4358-BBED-AD61C8BD8EE7}.Debug|x64.Build.0 = Debug|Any CPU
		{381891CD-64A6-4358-BBED-AD61C8BD8EE7}.Debug|x86.ActiveCfg = Debug|Any CPU
		{381891CD-64A6-4358-BBED-AD61C8BD8EE7}.Debug|x86.Build.0 = Debug|Any CPU
		{381891CD-64A6-4358-BBED-AD61C8BD8EE7}.Release|Any CPU.ActiveCfg = Release|Any CPU
		{381891CD-64A6-4358-BBED-AD61C8BD8EE7}.Release|Any CPU.Build.0 = Release|Any CPU
		{381891CD-64A6-4358-BBED-AD61C8BD8EE7}.Release|ARM.ActiveCfg = Release|Any CPU
		{381891CD-64A6-4358-BBED-AD61C8BD8EE7}.Release|ARM.Build.0 = Release|Any CPU
		{381891CD-64A6-4358-BBED-AD61C8BD8EE7}.Release|x64.ActiveCfg = Release|Any CPU
		{381891CD-64A6-4358-BBED-AD61C8BD8EE7}.Release|x64.Build.0 = Release|Any CPU
		{381891CD-64A6-4358-BBED-AD61C8BD8EE7}.Release|x86.ActiveCfg = Release|Any CPU
		{381891CD-64A6-4358-BBED-AD61C8BD8EE7}.Release|x86.Build.0 = Release|Any CPU
		{E65F2DF6-DD22-4A7F-B4FC-E4882B247801}.Debug|Any CPU.ActiveCfg = Debug|Any CPU
		{E65F2DF6-DD22-4A7F-B4FC-E4882B247801}.Debug|Any CPU.Build.0 = Debug|Any CPU
		{E65F2DF6-DD22-4A7F-B4FC-E4882B247801}.Debug|ARM.ActiveCfg = Debug|Any CPU
		{E65F2DF6-DD22-4A7F-B4FC-E4882B247801}.Debug|ARM.Build.0 = Debug|Any CPU
		{E65F2DF6-DD22-4A7F-B4FC-E4882B247801}.Debug|x64.ActiveCfg = Debug|Any CPU
		{E65F2DF6-DD22-4A7F-B4FC-E4882B247801}.Debug|x64.Build.0 = Debug|Any CPU
		{E65F2DF6-DD22-4A7F-B4FC-E4882B247801}.Debug|x86.ActiveCfg = Debug|Any CPU
		{E65F2DF6-DD22-4A7F-B4FC-E4882B247801}.Debug|x86.Build.0 = Debug|Any CPU
		{E65F2DF6-DD22-4A7F-B4FC-E4882B247801}.Release|Any CPU.ActiveCfg = Release|Any CPU
		{E65F2DF6-DD22-4A7F-B4FC-E4882B247801}.Release|Any CPU.Build.0 = Release|Any CPU
		{E65F2DF6-DD22-4A7F-B4FC-E4882B247801}.Release|ARM.ActiveCfg = Release|Any CPU
		{E65F2DF6-DD22-4A7F-B4FC-E4882B247801}.Release|ARM.Build.0 = Release|Any CPU
		{E65F2DF6-DD22-4A7F-B4FC-E4882B247801}.Release|x64.ActiveCfg = Release|Any CPU
		{E65F2DF6-DD22-4A7F-B4FC-E4882B247801}.Release|x64.Build.0 = Release|Any CPU
		{E65F2DF6-DD22-4A7F-B4FC-E4882B247801}.Release|x86.ActiveCfg = Release|Any CPU
		{E65F2DF6-DD22-4A7F-B4FC-E4882B247801}.Release|x86.Build.0 = Release|Any CPU
	EndGlobalSection
	GlobalSection(SolutionProperties) = preSolution
		HideSolutionNode = FALSE
	EndGlobalSection
EndGlobal
